
Microsoft Visual Studio Solution File, Format Version 12.00
# Visual Studio Version 17
VisualStudioVersion = 17.5.002.0
MinimumVisualStudioVersion = 10.0.40219.1
Project("{9A19103F-16F7-4668-BE54-9A1E7A4F7556}") = "business-rules", "business-rules.csproj", "{71305AF3-6FBC-42CB-BBAE-EB1BB347DB53}"
EndProject
Global
	GlobalSection(SolutionConfigurationPlatforms) = preSolution
		Debug|Any CPU = Debug|Any CPU
		Release|Any CPU = Release|Any CPU
	EndGlobalSection
	GlobalSection(ProjectConfigurationPlatforms) = postSolution
		{71305AF3-6FBC-42CB-BBAE-EB1BB347DB53}.Debug|Any CPU.ActiveCfg = Debug|Any CPU
		{71305AF3-6FBC-42CB-BBAE-EB1BB347DB53}.Debug|Any CPU.Build.0 = Debug|Any CPU
		{71305AF3-6FBC-42CB-BBAE-EB1BB347DB53}.Release|Any CPU.ActiveCfg = Release|Any CPU
		{71305AF3-6FBC-42CB-BBAE-EB1BB347DB53}.Release|Any CPU.Build.0 = Release|Any CPU
	EndGlobalSection
	GlobalSection(SolutionProperties) = preSolution
		HideSolutionNode = FALSE
	EndGlobalSection
	GlobalSection(ExtensibilityGlobals) = postSolution
		SolutionGuid = {7138F0E9-B62E-43C6-B434-EA07FC8E0420}
	EndGlobalSection
EndGlobal
